// !$*UTF8*$!
{
	archiveVersion = 1;
	classes = {
	};
	objectVersion = 51;
	objects = {

/* Begin PBXBuildFile section */
		3084FD4E253FF15C0095EB34 /* WhirlyGlobeMaplyComponent.framework in Frameworks */ = {isa = PBXBuildFile; fileRef = 3084FD4D253FF15C0095EB34 /* WhirlyGlobeMaplyComponent.framework */; };
		3084FD50253FF17B0095EB34 /* CoreLocation.framework in Frameworks */ = {isa = PBXBuildFile; fileRef = 3084FD4F253FF17B0095EB34 /* CoreLocation.framework */; };
		3084FD52253FF1B30095EB34 /* libc++.tbd in Frameworks */ = {isa = PBXBuildFile; fileRef = 3084FD51253FF1B30095EB34 /* libc++.tbd */; };
		3084FD57253FF1C40095EB34 /* libz.tbd in Frameworks */ = {isa = PBXBuildFile; fileRef = 3084FD56253FF1C40095EB34 /* libz.tbd */; };
		3084FD5C253FF1D60095EB34 /* libxml2.tbd in Frameworks */ = {isa = PBXBuildFile; fileRef = 3084FD5B253FF1D60095EB34 /* libxml2.tbd */; };
		3084FD61253FF1E70095EB34 /* libsqlite3.tbd in Frameworks */ = {isa = PBXBuildFile; fileRef = 3084FD60253FF1E70095EB34 /* libsqlite3.tbd */; };
		3084FD6F2540B0290095EB34 /* geography-class_medres.mbtiles in Resources */ = {isa = PBXBuildFile; fileRef = 3084FD6E2540B0290095EB34 /* geography-class_medres.mbtiles */; };
		3084FD85255257CA0095EB34 /* mountain_icon.png in Resources */ = {isa = PBXBuildFile; fileRef = 3084FD84255257CA0095EB34 /* mountain_icon.png */; };
		30D423F22536B57E0078409E /* AppDelegate.swift in Sources */ = {isa = PBXBuildFile; fileRef = 30D423F12536B57E0078409E /* AppDelegate.swift */; };
		30D423F42536B57E0078409E /* SceneDelegate.swift in Sources */ = {isa = PBXBuildFile; fileRef = 30D423F32536B57E0078409E /* SceneDelegate.swift */; };
		30D423F62536B57E0078409E /* ViewController.swift in Sources */ = {isa = PBXBuildFile; fileRef = 30D423F52536B57E0078409E /* ViewController.swift */; };
		30D423F92536B57E0078409E /* Main.storyboard in Resources */ = {isa = PBXBuildFile; fileRef = 30D423F72536B57E0078409E /* Main.storyboard */; };
		30D423FB2536B57F0078409E /* Assets.xcassets in Resources */ = {isa = PBXBuildFile; fileRef = 30D423FA2536B57F0078409E /* Assets.xcassets */; };
		30D423FE2536B57F0078409E /* LaunchScreen.storyboard in Resources */ = {isa = PBXBuildFile; fileRef = 30D423FC2536B57F0078409E /* LaunchScreen.storyboard */; };
		30D424092536B57F0078409E /* ReizenTests.swift in Sources */ = {isa = PBXBuildFile; fileRef = 30D424082536B57F0078409E /* ReizenTests.swift */; };
		30D424142536B57F0078409E /* ReizenUITests.swift in Sources */ = {isa = PBXBuildFile; fileRef = 30D424132536B57F0078409E /* ReizenUITests.swift */; };
		30EEDA262553CB5B009CD277 /* MarkerViewController.swift in Sources */ = {isa = PBXBuildFile; fileRef = 30EEDA252553CB5B009CD277 /* MarkerViewController.swift */; };
		30EEDA36255DCA84009CD277 /* GoogleService-Info.plist in Resources */ = {isa = PBXBuildFile; fileRef = 30EEDA35255DCA84009CD277 /* GoogleService-Info.plist */; };
		8E118E77057B6CAE4E1D6B36 /* Pods_Reizen.framework in Frameworks */ = {isa = PBXBuildFile; fileRef = 0DF68D8B9AC89C97ABE0D133 /* Pods_Reizen.framework */; };
		91EC5C92C68492D801A3508E /* Pods_Reizen_ReizenUITests.framework in Frameworks */ = {isa = PBXBuildFile; fileRef = 2948601C98357EE9D26413C9 /* Pods_Reizen_ReizenUITests.framework */; };
		BC37E06AADD1152BD6E68CB6 /* Pods_ReizenTests.framework in Frameworks */ = {isa = PBXBuildFile; fileRef = 62BC3245DD6A10CDFF56E0FF /* Pods_ReizenTests.framework */; };
/* End PBXBuildFile section */

/* Begin PBXContainerItemProxy section */
		30D424052536B57F0078409E /* PBXContainerItemProxy */ = {
			isa = PBXContainerItemProxy;
			containerPortal = 30D423E62536B57E0078409E /* Project object */;
			proxyType = 1;
			remoteGlobalIDString = 30D423ED2536B57E0078409E;
			remoteInfo = Reizen;
		};
		30D424102536B57F0078409E /* PBXContainerItemProxy */ = {
			isa = PBXContainerItemProxy;
			containerPortal = 30D423E62536B57E0078409E /* Project object */;
			proxyType = 1;
			remoteGlobalIDString = 30D423ED2536B57E0078409E;
			remoteInfo = Reizen;
		};
/* End PBXContainerItemProxy section */

/* Begin PBXFileReference section */
		0DF68D8B9AC89C97ABE0D133 /* Pods_Reizen.framework */ = {isa = PBXFileReference; explicitFileType = wrapper.framework; includeInIndex = 0; path = Pods_Reizen.framework; sourceTree = BUILT_PRODUCTS_DIR; };
		1615DA39684ECA51584D89AF /* Pods-ReizenTests.debug.xcconfig */ = {isa = PBXFileReference; includeInIndex = 1; lastKnownFileType = text.xcconfig; name = "Pods-ReizenTests.debug.xcconfig"; path = "Target Support Files/Pods-ReizenTests/Pods-ReizenTests.debug.xcconfig"; sourceTree = "<group>"; };
		2948601C98357EE9D26413C9 /* Pods_Reizen_ReizenUITests.framework */ = {isa = PBXFileReference; explicitFileType = wrapper.framework; includeInIndex = 0; path = Pods_Reizen_ReizenUITests.framework; sourceTree = BUILT_PRODUCTS_DIR; };
		2D1FF7954D864068FDDBED1D /* Pods-Reizen.release.xcconfig */ = {isa = PBXFileReference; includeInIndex = 1; lastKnownFileType = text.xcconfig; name = "Pods-Reizen.release.xcconfig"; path = "Target Support Files/Pods-Reizen/Pods-Reizen.release.xcconfig"; sourceTree = "<group>"; };
		3084FD4D253FF15C0095EB34 /* WhirlyGlobeMaplyComponent.framework */ = {isa = PBXFileReference; lastKnownFileType = wrapper.framework; name = WhirlyGlobeMaplyComponent.framework; path = "WhirlyGlobe-Maply_Distribution_2_5/WhirlyGlobeMaplyComponent.framework"; sourceTree = "<group>"; };
		3084FD4F253FF17B0095EB34 /* CoreLocation.framework */ = {isa = PBXFileReference; lastKnownFileType = wrapper.framework; name = CoreLocation.framework; path = System/Library/Frameworks/CoreLocation.framework; sourceTree = SDKROOT; };
		3084FD51253FF1B30095EB34 /* libc++.tbd */ = {isa = PBXFileReference; lastKnownFileType = "sourcecode.text-based-dylib-definition"; name = "libc++.tbd"; path = "usr/lib/libc++.tbd"; sourceTree = SDKROOT; };
		3084FD56253FF1C40095EB34 /* libz.tbd */ = {isa = PBXFileReference; lastKnownFileType = "sourcecode.text-based-dylib-definition"; name = libz.tbd; path = usr/lib/libz.tbd; sourceTree = SDKROOT; };
		3084FD5B253FF1D60095EB34 /* libxml2.tbd */ = {isa = PBXFileReference; lastKnownFileType = "sourcecode.text-based-dylib-definition"; name = libxml2.tbd; path = usr/lib/libxml2.tbd; sourceTree = SDKROOT; };
		3084FD60253FF1E70095EB34 /* libsqlite3.tbd */ = {isa = PBXFileReference; lastKnownFileType = "sourcecode.text-based-dylib-definition"; name = libsqlite3.tbd; path = usr/lib/libsqlite3.tbd; sourceTree = SDKROOT; };
		3084FD6E2540B0290095EB34 /* geography-class_medres.mbtiles */ = {isa = PBXFileReference; lastKnownFileType = file; name = "geography-class_medres.mbtiles"; path = "WhirlyGlobe-Maply_Distribution_2_5/WhirlyGlobeMaplyComponent.framework/geography-class_medres.mbtiles"; sourceTree = "<group>"; };
		3084FD84255257CA0095EB34 /* mountain_icon.png */ = {isa = PBXFileReference; lastKnownFileType = image.png; name = mountain_icon.png; path = ../../../Downloads/mountain_icon.png; sourceTree = "<group>"; };
		30D423EE2536B57E0078409E /* Reizen.app */ = {isa = PBXFileReference; explicitFileType = wrapper.application; includeInIndex = 0; path = Reizen.app; sourceTree = BUILT_PRODUCTS_DIR; };
		30D423F12536B57E0078409E /* AppDelegate.swift */ = {isa = PBXFileReference; lastKnownFileType = sourcecode.swift; path = AppDelegate.swift; sourceTree = "<group>"; };
		30D423F32536B57E0078409E /* SceneDelegate.swift */ = {isa = PBXFileReference; lastKnownFileType = sourcecode.swift; path = SceneDelegate.swift; sourceTree = "<group>"; };
		30D423F52536B57E0078409E /* ViewController.swift */ = {isa = PBXFileReference; lastKnownFileType = sourcecode.swift; path = ViewController.swift; sourceTree = "<group>"; };
		30D423F82536B57E0078409E /* Base */ = {isa = PBXFileReference; lastKnownFileType = file.storyboard; name = Base; path = Base.lproj/Main.storyboard; sourceTree = "<group>"; };
		30D423FA2536B57F0078409E /* Assets.xcassets */ = {isa = PBXFileReference; lastKnownFileType = folder.assetcatalog; path = Assets.xcassets; sourceTree = "<group>"; };
		30D423FD2536B57F0078409E /* Base */ = {isa = PBXFileReference; lastKnownFileType = file.storyboard; name = Base; path = Base.lproj/LaunchScreen.storyboard; sourceTree = "<group>"; };
		30D423FF2536B57F0078409E /* Info.plist */ = {isa = PBXFileReference; lastKnownFileType = text.plist.xml; path = Info.plist; sourceTree = "<group>"; };
		30D424042536B57F0078409E /* ReizenTests.xctest */ = {isa = PBXFileReference; explicitFileType = wrapper.cfbundle; includeInIndex = 0; path = ReizenTests.xctest; sourceTree = BUILT_PRODUCTS_DIR; };
		30D424082536B57F0078409E /* ReizenTests.swift */ = {isa = PBXFileReference; lastKnownFileType = sourcecode.swift; path = ReizenTests.swift; sourceTree = "<group>"; };
		30D4240A2536B57F0078409E /* Info.plist */ = {isa = PBXFileReference; lastKnownFileType = text.plist.xml; path = Info.plist; sourceTree = "<group>"; };
		30D4240F2536B57F0078409E /* ReizenUITests.xctest */ = {isa = PBXFileReference; explicitFileType = wrapper.cfbundle; includeInIndex = 0; path = ReizenUITests.xctest; sourceTree = BUILT_PRODUCTS_DIR; };
		30D424132536B57F0078409E /* ReizenUITests.swift */ = {isa = PBXFileReference; lastKnownFileType = sourcecode.swift; path = ReizenUITests.swift; sourceTree = "<group>"; };
		30D424152536B57F0078409E /* Info.plist */ = {isa = PBXFileReference; lastKnownFileType = text.plist.xml; path = Info.plist; sourceTree = "<group>"; };
		30EEDA252553CB5B009CD277 /* MarkerViewController.swift */ = {isa = PBXFileReference; lastKnownFileType = sourcecode.swift; path = MarkerViewController.swift; sourceTree = "<group>"; };
		30EEDA35255DCA84009CD277 /* GoogleService-Info.plist */ = {isa = PBXFileReference; fileEncoding = 4; lastKnownFileType = text.plist.xml; name = "GoogleService-Info.plist"; path = "../../../Downloads/GoogleService-Info.plist"; sourceTree = "<group>"; };
		5F78AC3F199AC68096F3BC57 /* Pods-Reizen-ReizenUITests.debug.xcconfig */ = {isa = PBXFileReference; includeInIndex = 1; lastKnownFileType = text.xcconfig; name = "Pods-Reizen-ReizenUITests.debug.xcconfig"; path = "Target Support Files/Pods-Reizen-ReizenUITests/Pods-Reizen-ReizenUITests.debug.xcconfig"; sourceTree = "<group>"; };
		62BC3245DD6A10CDFF56E0FF /* Pods_ReizenTests.framework */ = {isa = PBXFileReference; explicitFileType = wrapper.framework; includeInIndex = 0; path = Pods_ReizenTests.framework; sourceTree = BUILT_PRODUCTS_DIR; };
		69C1F1F78B84319EBFA447F4 /* Pods-ReizenTests.release.xcconfig */ = {isa = PBXFileReference; includeInIndex = 1; lastKnownFileType = text.xcconfig; name = "Pods-ReizenTests.release.xcconfig"; path = "Target Support Files/Pods-ReizenTests/Pods-ReizenTests.release.xcconfig"; sourceTree = "<group>"; };
		8259A60EE1F317D7E8238F44 /* Pods-Reizen.debug.xcconfig */ = {isa = PBXFileReference; includeInIndex = 1; lastKnownFileType = text.xcconfig; name = "Pods-Reizen.debug.xcconfig"; path = "Target Support Files/Pods-Reizen/Pods-Reizen.debug.xcconfig"; sourceTree = "<group>"; };
		E3AE323F97717D5943DA8570 /* Pods-Reizen-ReizenUITests.release.xcconfig */ = {isa = PBXFileReference; includeInIndex = 1; lastKnownFileType = text.xcconfig; name = "Pods-Reizen-ReizenUITests.release.xcconfig"; path = "Target Support Files/Pods-Reizen-ReizenUITests/Pods-Reizen-ReizenUITests.release.xcconfig"; sourceTree = "<group>"; };
/* End PBXFileReference section */

/* Begin PBXFrameworksBuildPhase section */
		30D423EB2536B57E0078409E /* Frameworks */ = {
			isa = PBXFrameworksBuildPhase;
			buildActionMask = 2147483647;
			files = (
				3084FD61253FF1E70095EB34 /* libsqlite3.tbd in Frameworks */,
				3084FD5C253FF1D60095EB34 /* libxml2.tbd in Frameworks */,
				3084FD57253FF1C40095EB34 /* libz.tbd in Frameworks */,
				3084FD52253FF1B30095EB34 /* libc++.tbd in Frameworks */,
				3084FD50253FF17B0095EB34 /* CoreLocation.framework in Frameworks */,
				3084FD4E253FF15C0095EB34 /* WhirlyGlobeMaplyComponent.framework in Frameworks */,
				8E118E77057B6CAE4E1D6B36 /* Pods_Reizen.framework in Frameworks */,
			);
			runOnlyForDeploymentPostprocessing = 0;
		};
		30D424012536B57F0078409E /* Frameworks */ = {
			isa = PBXFrameworksBuildPhase;
			buildActionMask = 2147483647;
			files = (
				BC37E06AADD1152BD6E68CB6 /* Pods_ReizenTests.framework in Frameworks */,
			);
			runOnlyForDeploymentPostprocessing = 0;
		};
		30D4240C2536B57F0078409E /* Frameworks */ = {
			isa = PBXFrameworksBuildPhase;
			buildActionMask = 2147483647;
			files = (
				91EC5C92C68492D801A3508E /* Pods_Reizen_ReizenUITests.framework in Frameworks */,
			);
			runOnlyForDeploymentPostprocessing = 0;
		};
/* End PBXFrameworksBuildPhase section */

/* Begin PBXGroup section */
		3084FD4C253FF15C0095EB34 /* Frameworks */ = {
			isa = PBXGroup;
			children = (
				3084FD6E2540B0290095EB34 /* geography-class_medres.mbtiles */,
				3084FD60253FF1E70095EB34 /* libsqlite3.tbd */,
				3084FD5B253FF1D60095EB34 /* libxml2.tbd */,
				3084FD56253FF1C40095EB34 /* libz.tbd */,
				3084FD51253FF1B30095EB34 /* libc++.tbd */,
				3084FD4F253FF17B0095EB34 /* CoreLocation.framework */,
				3084FD4D253FF15C0095EB34 /* WhirlyGlobeMaplyComponent.framework */,
				0DF68D8B9AC89C97ABE0D133 /* Pods_Reizen.framework */,
				2948601C98357EE9D26413C9 /* Pods_Reizen_ReizenUITests.framework */,
				62BC3245DD6A10CDFF56E0FF /* Pods_ReizenTests.framework */,
			);
			name = Frameworks;
			sourceTree = "<group>";
		};
		30D423E52536B57E0078409E = {
			isa = PBXGroup;
			children = (
				30D423F02536B57E0078409E /* Reizen */,
				30D424072536B57F0078409E /* ReizenTests */,
				30D424122536B57F0078409E /* ReizenUITests */,
				30D423EF2536B57E0078409E /* Products */,
				3084FD4C253FF15C0095EB34 /* Frameworks */,
				68301A938A4B8473B4B37EB7 /* Pods */,
			);
			sourceTree = "<group>";
		};
		30D423EF2536B57E0078409E /* Products */ = {
			isa = PBXGroup;
			children = (
				30D423EE2536B57E0078409E /* Reizen.app */,
				30D424042536B57F0078409E /* ReizenTests.xctest */,
				30D4240F2536B57F0078409E /* ReizenUITests.xctest */,
			);
			name = Products;
			sourceTree = "<group>";
		};
		30D423F02536B57E0078409E /* Reizen */ = {
			isa = PBXGroup;
			children = (
				30D423F12536B57E0078409E /* AppDelegate.swift */,
				30D423F32536B57E0078409E /* SceneDelegate.swift */,
				30D423F52536B57E0078409E /* ViewController.swift */,
				30EEDA252553CB5B009CD277 /* MarkerViewController.swift */,
				30D423F72536B57E0078409E /* Main.storyboard */,
				30D423FA2536B57F0078409E /* Assets.xcassets */,
				30D423FC2536B57F0078409E /* LaunchScreen.storyboard */,
				30D423FF2536B57F0078409E /* Info.plist */,
				3084FD84255257CA0095EB34 /* mountain_icon.png */,
				30EEDA35255DCA84009CD277 /* GoogleService-Info.plist */,
			);
			path = Reizen;
			sourceTree = "<group>";
		};
		30D424072536B57F0078409E /* ReizenTests */ = {
			isa = PBXGroup;
			children = (
				30D424082536B57F0078409E /* ReizenTests.swift */,
				30D4240A2536B57F0078409E /* Info.plist */,
			);
			path = ReizenTests;
			sourceTree = "<group>";
		};
		30D424122536B57F0078409E /* ReizenUITests */ = {
			isa = PBXGroup;
			children = (
				30D424132536B57F0078409E /* ReizenUITests.swift */,
				30D424152536B57F0078409E /* Info.plist */,
			);
			path = ReizenUITests;
			sourceTree = "<group>";
		};
		68301A938A4B8473B4B37EB7 /* Pods */ = {
			isa = PBXGroup;
			children = (
				8259A60EE1F317D7E8238F44 /* Pods-Reizen.debug.xcconfig */,
				2D1FF7954D864068FDDBED1D /* Pods-Reizen.release.xcconfig */,
				5F78AC3F199AC68096F3BC57 /* Pods-Reizen-ReizenUITests.debug.xcconfig */,
				E3AE323F97717D5943DA8570 /* Pods-Reizen-ReizenUITests.release.xcconfig */,
				1615DA39684ECA51584D89AF /* Pods-ReizenTests.debug.xcconfig */,
				69C1F1F78B84319EBFA447F4 /* Pods-ReizenTests.release.xcconfig */,
			);
			path = Pods;
			sourceTree = "<group>";
		};
/* End PBXGroup section */

/* Begin PBXNativeTarget section */
		30D423ED2536B57E0078409E /* Reizen */ = {
			isa = PBXNativeTarget;
			buildConfigurationList = 30D424182536B57F0078409E /* Build configuration list for PBXNativeTarget "Reizen" */;
			buildPhases = (
				7651C0E7822D33140A0543A4 /* [CP] Check Pods Manifest.lock */,
				30D423EA2536B57E0078409E /* Sources */,
				30D423EB2536B57E0078409E /* Frameworks */,
				30D423EC2536B57E0078409E /* Resources */,
				1B96811D132318DABBD27AA1 /* [CP] Embed Pods Frameworks */,
			);
			buildRules = (
			);
			dependencies = (
			);
			name = Reizen;
			productName = Reizen;
			productReference = 30D423EE2536B57E0078409E /* Reizen.app */;
			productType = "com.apple.product-type.application";
		};
		30D424032536B57F0078409E /* ReizenTests */ = {
			isa = PBXNativeTarget;
			buildConfigurationList = 30D4241B2536B57F0078409E /* Build configuration list for PBXNativeTarget "ReizenTests" */;
			buildPhases = (
				3EC2EC85C0811ED837304ABD /* [CP] Check Pods Manifest.lock */,
				30D424002536B57F0078409E /* Sources */,
				30D424012536B57F0078409E /* Frameworks */,
				30D424022536B57F0078409E /* Resources */,
			);
			buildRules = (
			);
			dependencies = (
				30D424062536B57F0078409E /* PBXTargetDependency */,
			);
			name = ReizenTests;
			productName = ReizenTests;
			productReference = 30D424042536B57F0078409E /* ReizenTests.xctest */;
			productType = "com.apple.product-type.bundle.unit-test";
		};
		30D4240E2536B57F0078409E /* ReizenUITests */ = {
			isa = PBXNativeTarget;
			buildConfigurationList = 30D4241E2536B57F0078409E /* Build configuration list for PBXNativeTarget "ReizenUITests" */;
			buildPhases = (
				60A08D85AB852D4CB98BA030 /* [CP] Check Pods Manifest.lock */,
				30D4240B2536B57F0078409E /* Sources */,
				30D4240C2536B57F0078409E /* Frameworks */,
				30D4240D2536B57F0078409E /* Resources */,
				A532837C36136F623BF5EB42 /* [CP] Embed Pods Frameworks */,
			);
			buildRules = (
			);
			dependencies = (
				30D424112536B57F0078409E /* PBXTargetDependency */,
			);
			name = ReizenUITests;
			productName = ReizenUITests;
			productReference = 30D4240F2536B57F0078409E /* ReizenUITests.xctest */;
			productType = "com.apple.product-type.bundle.ui-testing";
		};
/* End PBXNativeTarget section */

/* Begin PBXProject section */
		30D423E62536B57E0078409E /* Project object */ = {
			isa = PBXProject;
			attributes = {
				LastSwiftUpdateCheck = 1200;
				LastUpgradeCheck = 1200;
				TargetAttributes = {
					30D423ED2536B57E0078409E = {
						CreatedOnToolsVersion = 12.0.1;
					};
					30D424032536B57F0078409E = {
						CreatedOnToolsVersion = 12.0.1;
						TestTargetID = 30D423ED2536B57E0078409E;
					};
					30D4240E2536B57F0078409E = {
						CreatedOnToolsVersion = 12.0.1;
						TestTargetID = 30D423ED2536B57E0078409E;
					};
				};
			};
			buildConfigurationList = 30D423E92536B57E0078409E /* Build configuration list for PBXProject "Reizen" */;
			compatibilityVersion = "Xcode 9.3";
			developmentRegion = en;
			hasScannedForEncodings = 0;
			knownRegions = (
				en,
				Base,
			);
			mainGroup = 30D423E52536B57E0078409E;
			productRefGroup = 30D423EF2536B57E0078409E /* Products */;
			projectDirPath = "";
			projectRoot = "";
			targets = (
				30D423ED2536B57E0078409E /* Reizen */,
				30D424032536B57F0078409E /* ReizenTests */,
				30D4240E2536B57F0078409E /* ReizenUITests */,
			);
		};
/* End PBXProject section */

/* Begin PBXResourcesBuildPhase section */
		30D423EC2536B57E0078409E /* Resources */ = {
			isa = PBXResourcesBuildPhase;
			buildActionMask = 2147483647;
			files = (
				3084FD6F2540B0290095EB34 /* geography-class_medres.mbtiles in Resources */,
				3084FD85255257CA0095EB34 /* mountain_icon.png in Resources */,
				30D423FE2536B57F0078409E /* LaunchScreen.storyboard in Resources */,
				30D423FB2536B57F0078409E /* Assets.xcassets in Resources */,
				30D423F92536B57E0078409E /* Main.storyboard in Resources */,
				30EEDA36255DCA84009CD277 /* GoogleService-Info.plist in Resources */,
			);
			runOnlyForDeploymentPostprocessing = 0;
		};
		30D424022536B57F0078409E /* Resources */ = {
			isa = PBXResourcesBuildPhase;
			buildActionMask = 2147483647;
			files = (
			);
			runOnlyForDeploymentPostprocessing = 0;
		};
		30D4240D2536B57F0078409E /* Resources */ = {
			isa = PBXResourcesBuildPhase;
			buildActionMask = 2147483647;
			files = (
			);
			runOnlyForDeploymentPostprocessing = 0;
		};
/* End PBXResourcesBuildPhase section */

/* Begin PBXShellScriptBuildPhase section */
		1B96811D132318DABBD27AA1 /* [CP] Embed Pods Frameworks */ = {
			isa = PBXShellScriptBuildPhase;
			buildActionMask = 2147483647;
			files = (
			);
			inputFileListPaths = (
				"${PODS_ROOT}/Target Support Files/Pods-Reizen/Pods-Reizen-frameworks-${CONFIGURATION}-input-files.xcfilelist",
			);
			name = "[CP] Embed Pods Frameworks";
			outputFileListPaths = (
				"${PODS_ROOT}/Target Support Files/Pods-Reizen/Pods-Reizen-frameworks-${CONFIGURATION}-output-files.xcfilelist",
			);
			runOnlyForDeploymentPostprocessing = 0;
			shellPath = /bin/sh;
			shellScript = "\"${PODS_ROOT}/Target Support Files/Pods-Reizen/Pods-Reizen-frameworks.sh\"\n";
			showEnvVarsInLog = 0;
		};
		3EC2EC85C0811ED837304ABD /* [CP] Check Pods Manifest.lock */ = {
			isa = PBXShellScriptBuildPhase;
			buildActionMask = 2147483647;
			files = (
			);
			inputFileListPaths = (
			);
			inputPaths = (
				"${PODS_PODFILE_DIR_PATH}/Podfile.lock",
				"${PODS_ROOT}/Manifest.lock",
			);
			name = "[CP] Check Pods Manifest.lock";
			outputFileListPaths = (
			);
			outputPaths = (
				"$(DERIVED_FILE_DIR)/Pods-ReizenTests-checkManifestLockResult.txt",
			);
			runOnlyForDeploymentPostprocessing = 0;
			shellPath = /bin/sh;
			shellScript = "diff \"${PODS_PODFILE_DIR_PATH}/Podfile.lock\" \"${PODS_ROOT}/Manifest.lock\" > /dev/null\nif [ $? != 0 ] ; then\n    # print error to STDERR\n    echo \"error: The sandbox is not in sync with the Podfile.lock. Run 'pod install' or update your CocoaPods installation.\" >&2\n    exit 1\nfi\n# This output is used by Xcode 'outputs' to avoid re-running this script phase.\necho \"SUCCESS\" > \"${SCRIPT_OUTPUT_FILE_0}\"\n";
			showEnvVarsInLog = 0;
		};
		60A08D85AB852D4CB98BA030 /* [CP] Check Pods Manifest.lock */ = {
			isa = PBXShellScriptBuildPhase;
			buildActionMask = 2147483647;
			files = (
			);
			inputFileListPaths = (
			);
			inputPaths = (
				"${PODS_PODFILE_DIR_PATH}/Podfile.lock",
				"${PODS_ROOT}/Manifest.lock",
			);
			name = "[CP] Check Pods Manifest.lock";
			outputFileListPaths = (
			);
			outputPaths = (
				"$(DERIVED_FILE_DIR)/Pods-Reizen-ReizenUITests-checkManifestLockResult.txt",
			);
			runOnlyForDeploymentPostprocessing = 0;
			shellPath = /bin/sh;
			shellScript = "diff \"${PODS_PODFILE_DIR_PATH}/Podfile.lock\" \"${PODS_ROOT}/Manifest.lock\" > /dev/null\nif [ $? != 0 ] ; then\n    # print error to STDERR\n    echo \"error: The sandbox is not in sync with the Podfile.lock. Run 'pod install' or update your CocoaPods installation.\" >&2\n    exit 1\nfi\n# This output is used by Xcode 'outputs' to avoid re-running this script phase.\necho \"SUCCESS\" > \"${SCRIPT_OUTPUT_FILE_0}\"\n";
			showEnvVarsInLog = 0;
		};
		7651C0E7822D33140A0543A4 /* [CP] Check Pods Manifest.lock */ = {
			isa = PBXShellScriptBuildPhase;
			buildActionMask = 2147483647;
			files = (
			);
			inputFileListPaths = (
			);
			inputPaths = (
				"${PODS_PODFILE_DIR_PATH}/Podfile.lock",
				"${PODS_ROOT}/Manifest.lock",
			);
			name = "[CP] Check Pods Manifest.lock";
			outputFileListPaths = (
			);
			outputPaths = (
				"$(DERIVED_FILE_DIR)/Pods-Reizen-checkManifestLockResult.txt",
			);
			runOnlyForDeploymentPostprocessing = 0;
			shellPath = /bin/sh;
			shellScript = "diff \"${PODS_PODFILE_DIR_PATH}/Podfile.lock\" \"${PODS_ROOT}/Manifest.lock\" > /dev/null\nif [ $? != 0 ] ; then\n    # print error to STDERR\n    echo \"error: The sandbox is not in sync with the Podfile.lock. Run 'pod install' or update your CocoaPods installation.\" >&2\n    exit 1\nfi\n# This output is used by Xcode 'outputs' to avoid re-running this script phase.\necho \"SUCCESS\" > \"${SCRIPT_OUTPUT_FILE_0}\"\n";
			showEnvVarsInLog = 0;
		};
		A532837C36136F623BF5EB42 /* [CP] Embed Pods Frameworks */ = {
			isa = PBXShellScriptBuildPhase;
			buildActionMask = 2147483647;
			files = (
			);
			inputFileListPaths = (
				"${PODS_ROOT}/Target Support Files/Pods-Reizen-ReizenUITests/Pods-Reizen-ReizenUITests-frameworks-${CONFIGURATION}-input-files.xcfilelist",
			);
			name = "[CP] Embed Pods Frameworks";
			outputFileListPaths = (
				"${PODS_ROOT}/Target Support Files/Pods-Reizen-ReizenUITests/Pods-Reizen-ReizenUITests-frameworks-${CONFIGURATION}-output-files.xcfilelist",
			);
			runOnlyForDeploymentPostprocessing = 0;
			shellPath = /bin/sh;
			shellScript = "\"${PODS_ROOT}/Target Support Files/Pods-Reizen-ReizenUITests/Pods-Reizen-ReizenUITests-frameworks.sh\"\n";
			showEnvVarsInLog = 0;
		};
/* End PBXShellScriptBuildPhase section */

/* Begin PBXSourcesBuildPhase section */
		30D423EA2536B57E0078409E /* Sources */ = {
			isa = PBXSourcesBuildPhase;
			buildActionMask = 2147483647;
			files = (
				30D423F62536B57E0078409E /* ViewController.swift in Sources */,
				30D423F22536B57E0078409E /* AppDelegate.swift in Sources */,
				30EEDA262553CB5B009CD277 /* MarkerViewController.swift in Sources */,
				30D423F42536B57E0078409E /* SceneDelegate.swift in Sources */,
			);
			runOnlyForDeploymentPostprocessing = 0;
		};
		30D424002536B57F0078409E /* Sources */ = {
			isa = PBXSourcesBuildPhase;
			buildActionMask = 2147483647;
			files = (
				30D424092536B57F0078409E /* ReizenTests.swift in Sources */,
			);
			runOnlyForDeploymentPostprocessing = 0;
		};
		30D4240B2536B57F0078409E /* Sources */ = {
			isa = PBXSourcesBuildPhase;
			buildActionMask = 2147483647;
			files = (
				30D424142536B57F0078409E /* ReizenUITests.swift in Sources */,
			);
			runOnlyForDeploymentPostprocessing = 0;
		};
/* End PBXSourcesBuildPhase section */

/* Begin PBXTargetDependency section */
		30D424062536B57F0078409E /* PBXTargetDependency */ = {
			isa = PBXTargetDependency;
			target = 30D423ED2536B57E0078409E /* Reizen */;
			targetProxy = 30D424052536B57F0078409E /* PBXContainerItemProxy */;
		};
		30D424112536B57F0078409E /* PBXTargetDependency */ = {
			isa = PBXTargetDependency;
			target = 30D423ED2536B57E0078409E /* Reizen */;
			targetProxy = 30D424102536B57F0078409E /* PBXContainerItemProxy */;
		};
/* End PBXTargetDependency section */

/* Begin PBXVariantGroup section */
		30D423F72536B57E0078409E /* Main.storyboard */ = {
			isa = PBXVariantGroup;
			children = (
				30D423F82536B57E0078409E /* Base */,
			);
			name = Main.storyboard;
			sourceTree = "<group>";
		};
		30D423FC2536B57F0078409E /* LaunchScreen.storyboard */ = {
			isa = PBXVariantGroup;
			children = (
				30D423FD2536B57F0078409E /* Base */,
			);
			name = LaunchScreen.storyboard;
			sourceTree = "<group>";
		};
/* End PBXVariantGroup section */

/* Begin XCBuildConfiguration section */
		30D424162536B57F0078409E /* Debug */ = {
			isa = XCBuildConfiguration;
			buildSettings = {
				ALWAYS_SEARCH_USER_PATHS = NO;
				CLANG_ANALYZER_NONNULL = YES;
				CLANG_ANALYZER_NUMBER_OBJECT_CONVERSION = YES_AGGRESSIVE;
				CLANG_CXX_LANGUAGE_STANDARD = "gnu++14";
				CLANG_CXX_LIBRARY = "libc++";
				CLANG_ENABLE_MODULES = YES;
				CLANG_ENABLE_OBJC_ARC = YES;
				CLANG_ENABLE_OBJC_WEAK = YES;
				CLANG_WARN_BLOCK_CAPTURE_AUTORELEASING = YES;
				CLANG_WARN_BOOL_CONVERSION = YES;
				CLANG_WARN_COMMA = YES;
				CLANG_WARN_CONSTANT_CONVERSION = YES;
				CLANG_WARN_DEPRECATED_OBJC_IMPLEMENTATIONS = YES;
				CLANG_WARN_DIRECT_OBJC_ISA_USAGE = YES_ERROR;
				CLANG_WARN_DOCUMENTATION_COMMENTS = YES;
				CLANG_WARN_EMPTY_BODY = YES;
				CLANG_WARN_ENUM_CONVERSION = YES;
				CLANG_WARN_INFINITE_RECURSION = YES;
				CLANG_WARN_INT_CONVERSION = YES;
				CLANG_WARN_NON_LITERAL_NULL_CONVERSION = YES;
				CLANG_WARN_OBJC_IMPLICIT_RETAIN_SELF = YES;
				CLANG_WARN_OBJC_LITERAL_CONVERSION = YES;
				CLANG_WARN_OBJC_ROOT_CLASS = YES_ERROR;
				CLANG_WARN_QUOTED_INCLUDE_IN_FRAMEWORK_HEADER = YES;
				CLANG_WARN_RANGE_LOOP_ANALYSIS = YES;
				CLANG_WARN_STRICT_PROTOTYPES = YES;
				CLANG_WARN_SUSPICIOUS_MOVE = YES;
				CLANG_WARN_UNGUARDED_AVAILABILITY = YES_AGGRESSIVE;
				CLANG_WARN_UNREACHABLE_CODE = YES;
				CLANG_WARN__DUPLICATE_METHOD_MATCH = YES;
				COPY_PHASE_STRIP = NO;
				DEBUG_INFORMATION_FORMAT = dwarf;
				ENABLE_STRICT_OBJC_MSGSEND = YES;
				ENABLE_TESTABILITY = YES;
				GCC_C_LANGUAGE_STANDARD = gnu11;
				GCC_DYNAMIC_NO_PIC = NO;
				GCC_NO_COMMON_BLOCKS = YES;
				GCC_OPTIMIZATION_LEVEL = 0;
				GCC_PREPROCESSOR_DEFINITIONS = (
					"DEBUG=1",
					"$(inherited)",
				);
				GCC_WARN_64_TO_32_BIT_CONVERSION = YES;
				GCC_WARN_ABOUT_RETURN_TYPE = YES_ERROR;
				GCC_WARN_UNDECLARED_SELECTOR = YES;
				GCC_WARN_UNINITIALIZED_AUTOS = YES_AGGRESSIVE;
				GCC_WARN_UNUSED_FUNCTION = YES;
				GCC_WARN_UNUSED_VARIABLE = YES;
				IPHONEOS_DEPLOYMENT_TARGET = 14.0;
				MTL_ENABLE_DEBUG_INFO = INCLUDE_SOURCE;
				MTL_FAST_MATH = YES;
				ONLY_ACTIVE_ARCH = YES;
				SDKROOT = iphoneos;
				SWIFT_ACTIVE_COMPILATION_CONDITIONS = DEBUG;
				SWIFT_OBJC_BRIDGING_HEADER = "/Users/blakeculbert/Desktop/WhirlyGlobe-Maply_Distribution_2_5/WhirlyGlobeMaplyComponent.framework/Headers/MaplyBridge.h";
				SWIFT_OPTIMIZATION_LEVEL = "-Onone";
			};
			name = Debug;
		};
		30D424172536B57F0078409E /* Release */ = {
			isa = XCBuildConfiguration;
			buildSettings = {
				ALWAYS_SEARCH_USER_PATHS = NO;
				CLANG_ANALYZER_NONNULL = YES;
				CLANG_ANALYZER_NUMBER_OBJECT_CONVERSION = YES_AGGRESSIVE;
				CLANG_CXX_LANGUAGE_STANDARD = "gnu++14";
				CLANG_CXX_LIBRARY = "libc++";
				CLANG_ENABLE_MODULES = YES;
				CLANG_ENABLE_OBJC_ARC = YES;
				CLANG_ENABLE_OBJC_WEAK = YES;
				CLANG_WARN_BLOCK_CAPTURE_AUTORELEASING = YES;
				CLANG_WARN_BOOL_CONVERSION = YES;
				CLANG_WARN_COMMA = YES;
				CLANG_WARN_CONSTANT_CONVERSION = YES;
				CLANG_WARN_DEPRECATED_OBJC_IMPLEMENTATIONS = YES;
				CLANG_WARN_DIRECT_OBJC_ISA_USAGE = YES_ERROR;
				CLANG_WARN_DOCUMENTATION_COMMENTS = YES;
				CLANG_WARN_EMPTY_BODY = YES;
				CLANG_WARN_ENUM_CONVERSION = YES;
				CLANG_WARN_INFINITE_RECURSION = YES;
				CLANG_WARN_INT_CONVERSION = YES;
				CLANG_WARN_NON_LITERAL_NULL_CONVERSION = YES;
				CLANG_WARN_OBJC_IMPLICIT_RETAIN_SELF = YES;
				CLANG_WARN_OBJC_LITERAL_CONVERSION = YES;
				CLANG_WARN_OBJC_ROOT_CLASS = YES_ERROR;
				CLANG_WARN_QUOTED_INCLUDE_IN_FRAMEWORK_HEADER = YES;
				CLANG_WARN_RANGE_LOOP_ANALYSIS = YES;
				CLANG_WARN_STRICT_PROTOTYPES = YES;
				CLANG_WARN_SUSPICIOUS_MOVE = YES;
				CLANG_WARN_UNGUARDED_AVAILABILITY = YES_AGGRESSIVE;
				CLANG_WARN_UNREACHABLE_CODE = YES;
				CLANG_WARN__DUPLICATE_METHOD_MATCH = YES;
				COPY_PHASE_STRIP = NO;
				DEBUG_INFORMATION_FORMAT = "dwarf-with-dsym";
				ENABLE_NS_ASSERTIONS = NO;
				ENABLE_STRICT_OBJC_MSGSEND = YES;
				GCC_C_LANGUAGE_STANDARD = gnu11;
				GCC_NO_COMMON_BLOCKS = YES;
				GCC_WARN_64_TO_32_BIT_CONVERSION = YES;
				GCC_WARN_ABOUT_RETURN_TYPE = YES_ERROR;
				GCC_WARN_UNDECLARED_SELECTOR = YES;
				GCC_WARN_UNINITIALIZED_AUTOS = YES_AGGRESSIVE;
				GCC_WARN_UNUSED_FUNCTION = YES;
				GCC_WARN_UNUSED_VARIABLE = YES;
				IPHONEOS_DEPLOYMENT_TARGET = 14.0;
				MTL_ENABLE_DEBUG_INFO = NO;
				MTL_FAST_MATH = YES;
				SDKROOT = iphoneos;
				SWIFT_COMPILATION_MODE = wholemodule;
				SWIFT_OBJC_BRIDGING_HEADER = "/Users/blakeculbert/Desktop/WhirlyGlobe-Maply_Distribution_2_5/WhirlyGlobeMaplyComponent.framework/Headers/MaplyBridge.h";
				SWIFT_OPTIMIZATION_LEVEL = "-O";
				VALIDATE_PRODUCT = YES;
			};
			name = Release;
		};
		30D424192536B57F0078409E /* Debug */ = {
			isa = XCBuildConfiguration;
			baseConfigurationReference = 8259A60EE1F317D7E8238F44 /* Pods-Reizen.debug.xcconfig */;
			buildSettings = {
				ASSETCATALOG_COMPILER_APPICON_NAME = AppIcon;
				ASSETCATALOG_COMPILER_GLOBAL_ACCENT_COLOR_NAME = AccentColor;
				CODE_SIGN_STYLE = Automatic;
				FRAMEWORK_SEARCH_PATHS = (
					"$(inherited)",
					"$(PROJECT_DIR)/WhirlyGlobe-Maply_Distribution_2_5",
				);
				HEADER_SEARCH_PATHS = "/Users/blakeculbert/Desktop/Reizen/WhirlyGlobe-Maply_Distribution_2_5/WhirlyGlobeMaplyComponent.framework/Headers/";
				INFOPLIST_FILE = Reizen/Info.plist;
				LD_RUNPATH_SEARCH_PATHS = (
					"$(inherited)",
					"@executable_path/Frameworks",
				);
				PRODUCT_BUNDLE_IDENTIFIER = Culbert.Reizen;
				PRODUCT_NAME = "$(TARGET_NAME)";
				SWIFT_OBJC_BRIDGING_HEADER = "/Users/blakeculbert/Desktop/Reizen/WhirlyGlobe-Maply_Distribution_2_5/WhirlyGlobeMaplyComponent.framework/Headers/MaplyBridge.h";
				SWIFT_VERSION = 5.0;
				TARGETED_DEVICE_FAMILY = "1,2";
			};
			name = Debug;
		};
		30D4241A2536B57F0078409E /* Release */ = {
			isa = XCBuildConfiguration;
			baseConfigurationReference = 2D1FF7954D864068FDDBED1D /* Pods-Reizen.release.xcconfig */;
			buildSettings = {
				ASSETCATALOG_COMPILER_APPICON_NAME = AppIcon;
				ASSETCATALOG_COMPILER_GLOBAL_ACCENT_COLOR_NAME = AccentColor;
				CODE_SIGN_STYLE = Automatic;
				FRAMEWORK_SEARCH_PATHS = (
					"$(inherited)",
					"$(PROJECT_DIR)/WhirlyGlobe-Maply_Distribution_2_5",
				);
				HEADER_SEARCH_PATHS = "/Users/blakeculbert/Desktop/Reizen/WhirlyGlobe-Maply_Distribution_2_5/WhirlyGlobeMaplyComponent.framework/Headers/";
				INFOPLIST_FILE = Reizen/Info.plist;
				LD_RUNPATH_SEARCH_PATHS = (
					"$(inherited)",
					"@executable_path/Frameworks",
				);
				PRODUCT_BUNDLE_IDENTIFIER = Culbert.Reizen;
				PRODUCT_NAME = "$(TARGET_NAME)";
				SWIFT_OBJC_BRIDGING_HEADER = "/Users/blakeculbert/Desktop/Reizen/WhirlyGlobe-Maply_Distribution_2_5/WhirlyGlobeMaplyComponent.framework/Headers/MaplyBridge.h";
				SWIFT_VERSION = 5.0;
				TARGETED_DEVICE_FAMILY = "1,2";
			};
			name = Release;
		};
		30D4241C2536B57F0078409E /* Debug */ = {
			isa = XCBuildConfiguration;
			baseConfigurationReference = 1615DA39684ECA51584D89AF /* Pods-ReizenTests.debug.xcconfig */;
			buildSettings = {
				ALWAYS_EMBED_SWIFT_STANDARD_LIBRARIES = YES;
				BUNDLE_LOADER = "$(TEST_HOST)";
				CODE_SIGN_STYLE = Automatic;
				INFOPLIST_FILE = ReizenTests/Info.plist;
				IPHONEOS_DEPLOYMENT_TARGET = 14.0;
				LD_RUNPATH_SEARCH_PATHS = (
					"$(inherited)",
					"@executable_path/Frameworks",
					"@loader_path/Frameworks",
				);
				PRODUCT_BUNDLE_IDENTIFIER = Culbert.ReizenTests;
				PRODUCT_NAME = "$(TARGET_NAME)";
				SWIFT_VERSION = 5.0;
				TARGETED_DEVICE_FAMILY = "1,2";
				TEST_HOST = "$(BUILT_PRODUCTS_DIR)/Reizen.app/Reizen";
			};
			name = Debug;
		};
		30D4241D2536B57F0078409E /* Release */ = {
			isa = XCBuildConfiguration;
			baseConfigurationReference = 69C1F1F78B84319EBFA447F4 /* Pods-ReizenTests.release.xcconfig */;
			buildSettings = {
				ALWAYS_EMBED_SWIFT_STANDARD_LIBRARIES = YES;
				BUNDLE_LOADER = "$(TEST_HOST)";
				CODE_SIGN_STYLE = Automatic;
				INFOPLIST_FILE = ReizenTests/Info.plist;
				IPHONEOS_DEPLOYMENT_TARGET = 14.0;
				LD_RUNPATH_SEARCH_PATHS = (
					"$(inherited)",
					"@executable_path/Frameworks",
					"@loader_path/Frameworks",
				);
				PRODUCT_BUNDLE_IDENTIFIER = Culbert.ReizenTests;
				PRODUCT_NAME = "$(TARGET_NAME)";
				SWIFT_VERSION = 5.0;
				TARGETED_DEVICE_FAMILY = "1,2";
				TEST_HOST = "$(BUILT_PRODUCTS_DIR)/Reizen.app/Reizen";
			};
			name = Release;
		};
		30D4241F2536B57F0078409E /* Debug */ = {
			isa = XCBuildConfiguration;
			baseConfigurationReference = 5F78AC3F199AC68096F3BC57 /* Pods-Reizen-ReizenUITests.debug.xcconfig */;
			buildSettings = {
				ALWAYS_EMBED_SWIFT_STANDARD_LIBRARIES = YES;
				CODE_SIGN_STYLE = Automatic;
				INFOPLIST_FILE = ReizenUITests/Info.plist;
				LD_RUNPATH_SEARCH_PATHS = (
					"$(inherited)",
					"@executable_path/Frameworks",
					"@loader_path/Frameworks",
				);
				PRODUCT_BUNDLE_IDENTIFIER = Culbert.ReizenUITests;
				PRODUCT_NAME = "$(TARGET_NAME)";
				SWIFT_VERSION = 5.0;
				TARGETED_DEVICE_FAMILY = "1,2";
				TEST_TARGET_NAME = Reizen;
			};
			name = Debug;
		};
		30D424202536B57F0078409E /* Release */ = {
			isa = XCBuildConfiguration;
			baseConfigurationReference = E3AE323F97717D5943DA8570 /* Pods-Reizen-ReizenUITests.release.xcconfig */;
			buildSettings = {
				ALWAYS_EMBED_SWIFT_STANDARD_LIBRARIES = YES;
				CODE_SIGN_STYLE = Automatic;
				INFOPLIST_FILE = ReizenUITests/Info.plist;
				LD_RUNPATH_SEARCH_PATHS = (
					"$(inherited)",
					"@executable_path/Frameworks",
					"@loader_path/Frameworks",
				);
				PRODUCT_BUNDLE_IDENTIFIER = Culbert.ReizenUITests;
				PRODUCT_NAME = "$(TARGET_NAME)";
				SWIFT_VERSION = 5.0;
				TARGETED_DEVICE_FAMILY = "1,2";
				TEST_TARGET_NAME = Reizen;
			};
			name = Release;
		};
/* End XCBuildConfiguration section */

/* Begin XCConfigurationList section */
		30D423E92536B57E0078409E /* Build configuration list for PBXProject "Reizen" */ = {
			isa = XCConfigurationList;
			buildConfigurations = (
				30D424162536B57F0078409E /* Debug */,
				30D424172536B57F0078409E /* Release */,
			);
			defaultConfigurationIsVisible = 0;
			defaultConfigurationName = Release;
		};
		30D424182536B57F0078409E /* Build configuration list for PBXNativeTarget "Reizen" */ = {
			isa = XCConfigurationList;
			buildConfigurations = (
				30D424192536B57F0078409E /* Debug */,
				30D4241A2536B57F0078409E /* Release */,
			);
			defaultConfigurationIsVisible = 0;
			defaultConfigurationName = Release;
		};
		30D4241B2536B57F0078409E /* Build configuration list for PBXNativeTarget "ReizenTests" */ = {
			isa = XCConfigurationList;
			buildConfigurations = (
				30D4241C2536B57F0078409E /* Debug */,
				30D4241D2536B57F0078409E /* Release */,
			);
			defaultConfigurationIsVisible = 0;
			defaultConfigurationName = Release;
		};
		30D4241E2536B57F0078409E /* Build configuration list for PBXNativeTarget "ReizenUITests" */ = {
			isa = XCConfigurationList;
			buildConfigurations = (
				30D4241F2536B57F0078409E /* Debug */,
				30D424202536B57F0078409E /* Release */,
			);
			defaultConfigurationIsVisible = 0;
			defaultConfigurationName = Release;
		};
/* End XCConfigurationList section */
	};
	rootObject = 30D423E62536B57E0078409E /* Project object */;
}
